<?xml version="1.0" encoding="utf-8"?>
<Project ToolsVersion="4.0" xmlns="http://schemas.microsoft.com/developer/msbuild/2003">
  <ItemGroup>
    <Filter Include="Source Files">
      <UniqueIdentifier>{4FC737F1-C7A5-4376-A066-2A32D752A2FF}</UniqueIdentifier>
      <Extensions>cpp;c;cc;cxx;c++;cppm;ixx;def;odl;idl;hpj;bat;asm;asmx</Extensions>
    </Filter>
    <Filter Include="Header Files">
      <UniqueIdentifier>{93995380-89BD-4b04-88EB-625FBE52EBFB}</UniqueIdentifier>
      <Extensions>h;hh;hpp;hxx;h++;hm;inl;inc;ipp;xsd</Extensions>
    </Filter>
    <Filter Include="Resource Files">
      <UniqueIdentifier>{67DA6AB6-F800-4c08-8B7A-83BB121AAD01}</UniqueIdentifier>
      <Extensions>rc;ico;cur;bmp;dlg;rc2;rct;bin;rgs;gif;jpg;jpeg;jpe;resx;tiff;tif;png;wav;mfcribbon-ms</Extensions>
    </Filter>
    <Filter Include="Source Files\Profilers">
      <UniqueIdentifier>{c11263bd-1ac9-4fe0-a9cb-33538bb08144}</UniqueIdentifier>
    </Filter>
    <Filter Include="Source Files\Profilers\ProcessProfiler">
      <UniqueIdentifier>{388b1621-498e-4779-ac51-b3ebc450c283}</UniqueIdentifier>
    </Filter>
    <Filter Include="Source Files\Profilers\ProcessProfiler\Models">
      <UniqueIdentifier>{5310c2aa-4ccc-4ed8-b963-f38936526370}</UniqueIdentifier>
    </Filter>
    <Filter Include="Source Files\Profilers\Windows">
      <UniqueIdentifier>{a2f876d4-06fc-41a2-914e-fa20b6fbd980}</UniqueIdentifier>
    </Filter>
    <Filter Include="Source Files\Profilers\CpuProfiler">
      <UniqueIdentifier>{a5c54ebf-75c4-4b64-8b46-28682ee60c51}</UniqueIdentifier>
    </Filter>
    <Filter Include="Source Files\Profilers\CpuProfiler\Models">
      <UniqueIdentifier>{58ec765c-c18d-4dc1-8831-0d3179768e45}</UniqueIdentifier>
    </Filter>
  </ItemGroup>
  <ItemGroup>
    <ClCompile Include="src\Profilers\ProfilerExtern.cpp">
      <Filter>Source Files\Profilers</Filter>
    </ClCompile>
    <ClCompile Include="src\Profilers\Profiler.cpp">
      <Filter>Source Files\Profilers</Filter>
    </ClCompile>
    <ClCompile Include="src\Profilers\ProcessProfiler\ProcessProfiler.cpp">
      <Filter>Source Files\Profilers\ProcessProfiler</Filter>
    </ClCompile>
    <ClCompile Include="src\Profilers\ProcessProfiler\ProcessProfilerExtern.cpp">
      <Filter>Source Files\Profilers\ProcessProfiler</Filter>
    </ClCompile>
    <ClCompile Include="src\Profilers\CpuProfiler\CpuProfiler.cpp">
      <Filter>Source Files\Profilers\CpuProfiler</Filter>
    </ClCompile>
    <ClCompile Include="src\Profilers\CpuProfiler\CpuProfilerExtern.cpp">
      <Filter>Source Files\Profilers\CpuProfiler</Filter>
    </ClCompile>
  </ItemGroup>
  <ItemGroup>
    <ClInclude Include="src\Profilers\Windows\CpuNt.h">
      <Filter>Source Files\Profilers\Windows</Filter>
    </ClInclude>
    <ClInclude Include="src\Profilers\Windows\ProcessNt.h">
      <Filter>Source Files\Profilers\Windows</Filter>
    </ClInclude>
    <ClInclude Include="src\Profilers\Windows\TypesNt.h">
      <Filter>Source Files\Profilers\Windows</Filter>
    </ClInclude>
    <ClInclude Include="src\Profilers\Profiler.h">
      <Filter>Source Files\Profilers</Filter>
    </ClInclude>
    <ClInclude Include="src\Profilers\CpuProfiler\Models\CpuFlags.h">
      <Filter>Source Files\Profilers\CpuProfiler\Models</Filter>
    </ClInclude>
    <ClInclude Include="src\Profilers\CpuProfiler\Models\CpuInfo.h">
      <Filter>Source Files\Profilers\CpuProfiler\Models</Filter>
    </ClInclude>
    <ClInclude Include="src\Profilers\ProcessProfiler\Models\ProcessFlags.h">
      <Filter>Source Files\Profilers\ProcessProfiler\Models</Filter>
    </ClInclude>
    <ClInclude Include="src\Profilers\ProcessProfiler\Models\ProcessInfo.h">
      <Filter>Source Files\Profilers\ProcessProfiler\Models</Filter>
    </ClInclude>
    <ClInclude Include="src\Profilers\ProcessProfiler\ProcessProfiler.h">
      <Filter>Source Files\Profilers\ProcessProfiler</Filter>
    </ClInclude>
    <ClInclude Include="src\Profilers\ProcessProfiler\Models\ProcessHolder.h">
      <Filter>Source Files\Profilers\ProcessProfiler\Models</Filter>
    </ClInclude>
    <ClInclude Include="src\Profilers\CpuProfiler\CpuProfiler.h">
      <Filter>Source Files\Profilers\CpuProfiler</Filter>
    </ClInclude>
  </ItemGroup>
</Project>