<?xml version="1.0" encoding="utf-8"?>
<Project ToolsVersion="4.0" xmlns="http://schemas.microsoft.com/developer/msbuild/2003">
  <ItemGroup>
    <Filter Include="Source Files">
      <UniqueIdentifier>{4FC737F1-C7A5-4376-A066-2A32D752A2FF}</UniqueIdentifier>
      <Extensions>cpp;c;cc;cxx;c++;cppm;ixx;def;odl;idl;hpj;bat;asm;asmx</Extensions>
    </Filter>
    <Filter Include="Header Files">
      <UniqueIdentifier>{93995380-89BD-4b04-88EB-625FBE52EBFB}</UniqueIdentifier>
      <Extensions>h;hh;hpp;hxx;h++;hm;inl;inc;ipp;xsd</Extensions>
    </Filter>
    <Filter Include="Resource Files">
      <UniqueIdentifier>{67DA6AB6-F800-4c08-8B7A-83BB121AAD01}</UniqueIdentifier>
      <Extensions>rc;ico;cur;bmp;dlg;rc2;rct;bin;rgs;gif;jpg;jpeg;jpe;resx;tiff;tif;png;wav;mfcribbon-ms</Extensions>
    </Filter>
    <Filter Include="Source Files\Profilers">
      <UniqueIdentifier>{c11263bd-1ac9-4fe0-a9cb-33538bb08144}</UniqueIdentifier>
    </Filter>
    <Filter Include="Source Files\Profilers\CpuProfiler">
      <UniqueIdentifier>{9334b28c-e6c8-497a-9552-487a00499c50}</UniqueIdentifier>
    </Filter>
    <Filter Include="Source Files\Profilers\ProcessProfiler">
      <UniqueIdentifier>{388b1621-498e-4779-ac51-b3ebc450c283}</UniqueIdentifier>
    </Filter>
    <Filter Include="Source Files\Profilers\IOProfiler">
      <UniqueIdentifier>{34c66ca0-4bfd-437c-9979-87fd4249d15f}</UniqueIdentifier>
    </Filter>
    <Filter Include="Source Files\Profilers\MemoryProfiler">
      <UniqueIdentifier>{7719c76b-b5b0-43b0-86b2-4ddb4282fe8b}</UniqueIdentifier>
    </Filter>
    <Filter Include="Source Files\Profilers\MemoryProfiler\Models">
      <UniqueIdentifier>{3759378f-1349-4191-9eac-c58007c106da}</UniqueIdentifier>
    </Filter>
    <Filter Include="Source Files\Profilers\CpuProfiler\Models">
      <UniqueIdentifier>{4a6fbc0a-8b93-4474-ad3f-295dfc2594cb}</UniqueIdentifier>
    </Filter>
  </ItemGroup>
  <ItemGroup>
    <ClCompile Include="CpuProfiler.cpp">
      <Filter>Source Files\Profilers\CpuProfiler</Filter>
    </ClCompile>
    <ClCompile Include="CpuProfilerExtern.cpp">
      <Filter>Source Files\Profilers\CpuProfiler</Filter>
    </ClCompile>
    <ClCompile Include="ProcessProfiler.cpp">
      <Filter>Source Files\Profilers\ProcessProfiler</Filter>
    </ClCompile>
    <ClCompile Include="ProcessProfilerExtern.cpp">
      <Filter>Source Files\Profilers\ProcessProfiler</Filter>
    </ClCompile>
    <ClCompile Include="Profiler.cpp">
      <Filter>Source Files\Profilers</Filter>
    </ClCompile>
    <ClCompile Include="MemoryProfiler.cpp">
      <Filter>Source Files\Profilers\MemoryProfiler</Filter>
    </ClCompile>
    <ClCompile Include="MemoryProfilerExtern.cpp">
      <Filter>Source Files\Profilers\MemoryProfiler</Filter>
    </ClCompile>
    <ClCompile Include="IOProfiler.cpp">
      <Filter>Source Files\Profilers\IOProfiler</Filter>
    </ClCompile>
    <ClCompile Include="IOProfilerExtern.cpp">
      <Filter>Source Files\Profilers\IOProfiler</Filter>
    </ClCompile>
  </ItemGroup>
  <ItemGroup>
    <ClInclude Include="ProcessProfiler.h">
      <Filter>Source Files\Profilers\ProcessProfiler</Filter>
    </ClInclude>
    <ClInclude Include="Profiler.h">
      <Filter>Source Files\Profilers</Filter>
    </ClInclude>
    <ClInclude Include="ProfilerHelpers.h">
      <Filter>Source Files\Profilers</Filter>
    </ClInclude>
    <ClInclude Include="IOProfiler.h">
      <Filter>Source Files\Profilers\IOProfiler</Filter>
    </ClInclude>
    <ClInclude Include="ProcessInfo.h">
      <Filter>Source Files\Profilers\ProcessProfiler</Filter>
    </ClInclude>
    <ClInclude Include="ProcessState.h">
      <Filter>Source Files\Profilers</Filter>
    </ClInclude>
    <ClInclude Include="MemoryProfiler.h">
      <Filter>Source Files\Profilers\MemoryProfiler\Models</Filter>
    </ClInclude>
    <ClInclude Include="MemoryInfo.h">
      <Filter>Source Files\Profilers\MemoryProfiler\Models</Filter>
    </ClInclude>
    <ClInclude Include="CpuInfo.h">
      <Filter>Source Files\Profilers\CpuProfiler\Models</Filter>
    </ClInclude>
    <ClInclude Include="CpuProfiler.h">
      <Filter>Source Files\Profilers\CpuProfiler\Models</Filter>
    </ClInclude>
    <ClInclude Include="ProcessCpuInfo.h">
      <Filter>Source Files\Profilers\CpuProfiler\Models</Filter>
    </ClInclude>
    <ClInclude Include="ProcessMemoryInfo.h">
      <Filter>Source Files\Profilers\MemoryProfiler\Models</Filter>
    </ClInclude>
  </ItemGroup>
</Project>